
Microsoft Visual Studio Solution File, Format Version 12.00
# Visual Studio Version 16
VisualStudioVersion = 16.0.29613.14
MinimumVisualStudioVersion = 10.0.40219.1
Project("{FAE04EC0-301F-11D3-BF4B-00C04F79EFBC}") = "Framework.ContractBase", "Framework.ContractBase\Framework.ContractBase.csproj", "{94331966-D1CB-450C-B167-FD1FB13CECF5}"
EndProject
Project("{FAE04EC0-301F-11D3-BF4B-00C04F79EFBC}") = "Framework.DataAccess", "Framework.DataAccess\Framework.DataAccess.csproj", "{62EB3812-8295-42AF-964F-7D8E1961E832}"
EndProject
Project("{FAE04EC0-301F-11D3-BF4B-00C04F79EFBC}") = "Framework.EntityFramework", "Framework.EntityFramework\Framework.EntityFramework.csproj", "{4E9FD1BA-DE8B-4C97-B468-8F5EE5CCF453}"
EndProject
Project("{FAE04EC0-301F-11D3-BF4B-00C04F79EFBC}") = "Framework.ErrorLog", "Framework.ErrorLog\Framework.ErrorLog.csproj", "{B289AA13-8877-41BC-A400-40E38213F588}"
EndProject
Project("{FAE04EC0-301F-11D3-BF4B-00C04F79EFBC}") = "Framework.LDAP", "Framework.LDAP\Framework.LDAP.csproj", "{89F25980-363E-44B0-A09C-E632FC3F5850}"
EndProject
Project("{FAE04EC0-301F-11D3-BF4B-00C04F79EFBC}") = "Framework.Middleware", "Framework.Middleware\Framework.Middleware.csproj", "{20BCA1B9-EBAC-47AE-BB0F-1E0388F907AA}"
EndProject
Project("{FAE04EC0-301F-11D3-BF4B-00C04F79EFBC}") = "Framework.Negocio", "Framework.Negocio\Framework.Negocio.csproj", "{C36489B7-FFAA-426D-86CB-532AA03AF0C8}"
EndProject
Project("{FAE04EC0-301F-11D3-BF4B-00C04F79EFBC}") = "Framework.Notifications", "Framework.Notifications\Framework.Notifications.csproj", "{0CBC29E9-83B6-4710-94EF-64CED171F16C}"
EndProject
Project("{FAE04EC0-301F-11D3-BF4B-00C04F79EFBC}") = "Framework.Security", "Framework.Security\Framework.Security.csproj", "{E3FD21C9-E795-4CAA-A517-8184F90AB537}"
EndProject
Project("{FAE04EC0-301F-11D3-BF4B-00C04F79EFBC}") = "Framework.Utils", "Framework.Utils\Framework.Utils.csproj", "{590BC66A-EA5A-4232-B343-8EF9FB3705F3}"
EndProject
Project("{FAE04EC0-301F-11D3-BF4B-00C04F79EFBC}") = "Framework.Web", "Framework.Web\Logicalis.Framework.Web\Framework.Web.csproj", "{AA60928B-D918-4ED9-AE01-A011CB9AD67B}"
EndProject
Project("{FAE04EC0-301F-11D3-BF4B-00C04F79EFBC}") = "Framework.Web.Models", "Framework.Web.Models\Framework.Web.Models.csproj", "{9ECFC3BB-7A29-4252-B9AC-02C614C0A844}"
EndProject
Global
	GlobalSection(SolutionConfigurationPlatforms) = preSolution
		Debug|Any CPU = Debug|Any CPU
		Release|Any CPU = Release|Any CPU
	EndGlobalSection
	GlobalSection(ProjectConfigurationPlatforms) = postSolution
		{94331966-D1CB-450C-B167-FD1FB13CECF5}.Debug|Any CPU.ActiveCfg = Debug|Any CPU
		{94331966-D1CB-450C-B167-FD1FB13CECF5}.Debug|Any CPU.Build.0 = Debug|Any CPU
		{94331966-D1CB-450C-B167-FD1FB13CECF5}.Release|Any CPU.ActiveCfg = Release|Any CPU
		{94331966-D1CB-450C-B167-FD1FB13CECF5}.Release|Any CPU.Build.0 = Release|Any CPU
		{62EB3812-8295-42AF-964F-7D8E1961E832}.Debug|Any CPU.ActiveCfg = Debug|Any CPU
		{62EB3812-8295-42AF-964F-7D8E1961E832}.Debug|Any CPU.Build.0 = Debug|Any CPU
		{62EB3812-8295-42AF-964F-7D8E1961E832}.Release|Any CPU.ActiveCfg = Release|Any CPU
		{62EB3812-8295-42AF-964F-7D8E1961E832}.Release|Any CPU.Build.0 = Release|Any CPU
		{4E9FD1BA-DE8B-4C97-B468-8F5EE5CCF453}.Debug|Any CPU.ActiveCfg = Debug|Any CPU
		{4E9FD1BA-DE8B-4C97-B468-8F5EE5CCF453}.Debug|Any CPU.Build.0 = Debug|Any CPU
		{4E9FD1BA-DE8B-4C97-B468-8F5EE5CCF453}.Release|Any CPU.ActiveCfg = Release|Any CPU
		{4E9FD1BA-DE8B-4C97-B468-8F5EE5CCF453}.Release|Any CPU.Build.0 = Release|Any CPU
		{B289AA13-8877-41BC-A400-40E38213F588}.Debug|Any CPU.ActiveCfg = Debug|Any CPU
		{B289AA13-8877-41BC-A400-40E38213F588}.Debug|Any CPU.Build.0 = Debug|Any CPU
		{B289AA13-8877-41BC-A400-40E38213F588}.Release|Any CPU.ActiveCfg = Release|Any CPU
		{B289AA13-8877-41BC-A400-40E38213F588}.Release|Any CPU.Build.0 = Release|Any CPU
		{89F25980-363E-44B0-A09C-E632FC3F5850}.Debug|Any CPU.ActiveCfg = Debug|Any CPU
		{89F25980-363E-44B0-A09C-E632FC3F5850}.Debug|Any CPU.Build.0 = Debug|Any CPU
		{89F25980-363E-44B0-A09C-E632FC3F5850}.Release|Any CPU.ActiveCfg = Release|Any CPU
		{89F25980-363E-44B0-A09C-E632FC3F5850}.Release|Any CPU.Build.0 = Release|Any CPU
		{20BCA1B9-EBAC-47AE-BB0F-1E0388F907AA}.Debug|Any CPU.ActiveCfg = Debug|Any CPU
		{20BCA1B9-EBAC-47AE-BB0F-1E0388F907AA}.Debug|Any CPU.Build.0 = Debug|Any CPU
		{20BCA1B9-EBAC-47AE-BB0F-1E0388F907AA}.Release|Any CPU.ActiveCfg = Release|Any CPU
		{20BCA1B9-EBAC-47AE-BB0F-1E0388F907AA}.Release|Any CPU.Build.0 = Release|Any CPU
		{C36489B7-FFAA-426D-86CB-532AA03AF0C8}.Debug|Any CPU.ActiveCfg = Debug|Any CPU
		{C36489B7-FFAA-426D-86CB-532AA03AF0C8}.Debug|Any CPU.Build.0 = Debug|Any CPU
		{C36489B7-FFAA-426D-86CB-532AA03AF0C8}.Release|Any CPU.ActiveCfg = Release|Any CPU
		{C36489B7-FFAA-426D-86CB-532AA03AF0C8}.Release|Any CPU.Build.0 = Release|Any CPU
		{0CBC29E9-83B6-4710-94EF-64CED171F16C}.Debug|Any CPU.ActiveCfg = Debug|Any CPU
		{0CBC29E9-83B6-4710-94EF-64CED171F16C}.Debug|Any CPU.Build.0 = Debug|Any CPU
		{0CBC29E9-83B6-4710-94EF-64CED171F16C}.Release|Any CPU.ActiveCfg = Release|Any CPU
		{0CBC29E9-83B6-4710-94EF-64CED171F16C}.Release|Any CPU.Build.0 = Release|Any CPU
		{E3FD21C9-E795-4CAA-A517-8184F90AB537}.Debug|Any CPU.ActiveCfg = Debug|Any CPU
		{E3FD21C9-E795-4CAA-A517-8184F90AB537}.Debug|Any CPU.Build.0 = Debug|Any CPU
		{E3FD21C9-E795-4CAA-A517-8184F90AB537}.Release|Any CPU.ActiveCfg = Release|Any CPU
		{E3FD21C9-E795-4CAA-A517-8184F90AB537}.Release|Any CPU.Build.0 = Release|Any CPU
		{590BC66A-EA5A-4232-B343-8EF9FB3705F3}.Debug|Any CPU.ActiveCfg = Debug|Any CPU
		{590BC66A-EA5A-4232-B343-8EF9FB3705F3}.Debug|Any CPU.Build.0 = Debug|Any CPU
		{590BC66A-EA5A-4232-B343-8EF9FB3705F3}.Release|Any CPU.ActiveCfg = Release|Any CPU
		{590BC66A-EA5A-4232-B343-8EF9FB3705F3}.Release|Any CPU.Build.0 = Release|Any CPU
		{AA60928B-D918-4ED9-AE01-A011CB9AD67B}.Debug|Any CPU.ActiveCfg = Debug|Any CPU
		{AA60928B-D918-4ED9-AE01-A011CB9AD67B}.Debug|Any CPU.Build.0 = Debug|Any CPU
		{AA60928B-D918-4ED9-AE01-A011CB9AD67B}.Release|Any CPU.ActiveCfg = Release|Any CPU
		{AA60928B-D918-4ED9-AE01-A011CB9AD67B}.Release|Any CPU.Build.0 = Release|Any CPU
		{9ECFC3BB-7A29-4252-B9AC-02C614C0A844}.Debug|Any CPU.ActiveCfg = Debug|Any CPU
		{9ECFC3BB-7A29-4252-B9AC-02C614C0A844}.Debug|Any CPU.Build.0 = Debug|Any CPU
		{9ECFC3BB-7A29-4252-B9AC-02C614C0A844}.Release|Any CPU.ActiveCfg = Release|Any CPU
		{9ECFC3BB-7A29-4252-B9AC-02C614C0A844}.Release|Any CPU.Build.0 = Release|Any CPU
	EndGlobalSection
	GlobalSection(SolutionProperties) = preSolution
		HideSolutionNode = FALSE
	EndGlobalSection
	GlobalSection(ExtensibilityGlobals) = postSolution
		SolutionGuid = {8AA3E463-8DF7-4A12-B248-CFF5D83BDBDC}
	EndGlobalSection
EndGlobal
